
Microsoft Visual Studio Solution File, Format Version 12.00
# Visual Studio Version 17
VisualStudioVersion = 17.0.31903.59
MinimumVisualStudioVersion = 10.0.40219.1
Project("{2150E333-8FDC-42A3-9474-1A3956D46DE8}") = "src", "src", "{827E0CD3-B72D-47B6-A68D-7590B98EB39B}"
EndProject
Project("{FAE04EC0-301F-11D3-BF4B-00C04F79EFBC}") = "UTH.Library.Domain", "src\UTH.Library.Domain\UTH.Library.Domain.csproj", "{D561618C-29E3-4CA7-9633-82D23586D7C7}"
EndProject
Project("{FAE04EC0-301F-11D3-BF4B-00C04F79EFBC}") = "UTH.Library.Application", "src\UTH.Library.Application\UTH.Library.Application.csproj", "{DB5BBE6A-26A8-4464-9584-F02DFA2F9A1A}"
EndProject
Project("{FAE04EC0-301F-11D3-BF4B-00C04F79EFBC}") = "UTH.Library.Infrastructure", "src\UTH.Library.Infrastructure\UTH.Library.Infrastructure.csproj", "{FE92B9F1-ADF6-43E2-A742-F839715D486A}"
EndProject
Project("{FAE04EC0-301F-11D3-BF4B-00C04F79EFBC}") = "UTH.Library.Api", "src\UTH.Library.Api\UTH.Library.Api.csproj", "{0313BE40-21B2-4B61-AC54-EA0E5E915D6B}"
EndProject
Project("{2150E333-8FDC-42A3-9474-1A3956D46DE8}") = "tests", "tests", "{0AB3BF05-4346-4AA6-1389-037BE0695223}"
EndProject
Project("{FAE04EC0-301F-11D3-BF4B-00C04F79EFBC}") = "UTH.Library.Domain.UnitTests", "tests\UTH.Library.Domain.UnitTests\UTH.Library.Domain.UnitTests.csproj", "{9ECF9958-B294-47DD-9109-92377F791E94}"
EndProject
Project("{FAE04EC0-301F-11D3-BF4B-00C04F79EFBC}") = "UTH.Library.Application.UnitTests", "tests\UTH.Library.Application.UnitTests\UTH.Library.Application.UnitTests.csproj", "{26C55445-88C5-4E2C-92D0-C3B5FC24A592}"
EndProject
Project("{FAE04EC0-301F-11D3-BF4B-00C04F79EFBC}") = "UTH.Library.IntegrationTests", "tests\UTH.Library.IntegrationTests\UTH.Library.IntegrationTests.csproj", "{EA5B58FF-9F2E-4F25-B596-52E86F8C4020}"
EndProject
Project("{FAE04EC0-301F-11D3-BF4B-00C04F79EFBC}") = "UTH.Library.ArchitectureTests", "tests\UTH.Library.ArchitectureTests\UTH.Library.ArchitectureTests.csproj", "{6546DB25-8927-47CC-8EA7-6BC1530DC02D}"
EndProject
Global
	GlobalSection(SolutionConfigurationPlatforms) = preSolution
		Debug|Any CPU = Debug|Any CPU
		Debug|x64 = Debug|x64
		Debug|x86 = Debug|x86
		Release|Any CPU = Release|Any CPU
		Release|x64 = Release|x64
		Release|x86 = Release|x86
	EndGlobalSection
	GlobalSection(ProjectConfigurationPlatforms) = postSolution
		{D561618C-29E3-4CA7-9633-82D23586D7C7}.Debug|Any CPU.ActiveCfg = Debug|Any CPU
		{D561618C-29E3-4CA7-9633-82D23586D7C7}.Debug|Any CPU.Build.0 = Debug|Any CPU
		{D561618C-29E3-4CA7-9633-82D23586D7C7}.Debug|x64.ActiveCfg = Debug|Any CPU
		{D561618C-29E3-4CA7-9633-82D23586D7C7}.Debug|x64.Build.0 = Debug|Any CPU
		{D561618C-29E3-4CA7-9633-82D23586D7C7}.Debug|x86.ActiveCfg = Debug|Any CPU
		{D561618C-29E3-4CA7-9633-82D23586D7C7}.Debug|x86.Build.0 = Debug|Any CPU
		{D561618C-29E3-4CA7-9633-82D23586D7C7}.Release|Any CPU.ActiveCfg = Release|Any CPU
		{D561618C-29E3-4CA7-9633-82D23586D7C7}.Release|Any CPU.Build.0 = Release|Any CPU
		{D561618C-29E3-4CA7-9633-82D23586D7C7}.Release|x64.ActiveCfg = Release|Any CPU
		{D561618C-29E3-4CA7-9633-82D23586D7C7}.Release|x64.Build.0 = Release|Any CPU
		{D561618C-29E3-4CA7-9633-82D23586D7C7}.Release|x86.ActiveCfg = Release|Any CPU
		{D561618C-29E3-4CA7-9633-82D23586D7C7}.Release|x86.Build.0 = Release|Any CPU
		{DB5BBE6A-26A8-4464-9584-F02DFA2F9A1A}.Debug|Any CPU.ActiveCfg = Debug|Any CPU
		{DB5BBE6A-26A8-4464-9584-F02DFA2F9A1A}.Debug|Any CPU.Build.0 = Debug|Any CPU
		{DB5BBE6A-26A8-4464-9584-F02DFA2F9A1A}.Debug|x64.ActiveCfg = Debug|Any CPU
		{DB5BBE6A-26A8-4464-9584-F02DFA2F9A1A}.Debug|x64.Build.0 = Debug|Any CPU
		{DB5BBE6A-26A8-4464-9584-F02DFA2F9A1A}.Debug|x86.ActiveCfg = Debug|Any CPU
		{DB5BBE6A-26A8-4464-9584-F02DFA2F9A1A}.Debug|x86.Build.0 = Debug|Any CPU
		{DB5BBE6A-26A8-4464-9584-F02DFA2F9A1A}.Release|Any CPU.ActiveCfg = Release|Any CPU
		{DB5BBE6A-26A8-4464-9584-F02DFA2F9A1A}.Release|Any CPU.Build.0 = Release|Any CPU
		{DB5BBE6A-26A8-4464-9584-F02DFA2F9A1A}.Release|x64.ActiveCfg = Release|Any CPU
		{DB5BBE6A-26A8-4464-9584-F02DFA2F9A1A}.Release|x64.Build.0 = Release|Any CPU
		{DB5BBE6A-26A8-4464-9584-F02DFA2F9A1A}.Release|x86.ActiveCfg = Release|Any CPU
		{DB5BBE6A-26A8-4464-9584-F02DFA2F9A1A}.Release|x86.Build.0 = Release|Any CPU
		{FE92B9F1-ADF6-43E2-A742-F839715D486A}.Debug|Any CPU.ActiveCfg = Debug|Any CPU
		{FE92B9F1-ADF6-43E2-A742-F839715D486A}.Debug|Any CPU.Build.0 = Debug|Any CPU
		{FE92B9F1-ADF6-43E2-A742-F839715D486A}.Debug|x64.ActiveCfg = Debug|Any CPU
		{FE92B9F1-ADF6-43E2-A742-F839715D486A}.Debug|x64.Build.0 = Debug|Any CPU
		{FE92B9F1-ADF6-43E2-A742-F839715D486A}.Debug|x86.ActiveCfg = Debug|Any CPU
		{FE92B9F1-ADF6-43E2-A742-F839715D486A}.Debug|x86.Build.0 = Debug|Any CPU
		{FE92B9F1-ADF6-43E2-A742-F839715D486A}.Release|Any CPU.ActiveCfg = Release|Any CPU
		{FE92B9F1-ADF6-43E2-A742-F839715D486A}.Release|Any CPU.Build.0 = Release|Any CPU
		{FE92B9F1-ADF6-43E2-A742-F839715D486A}.Release|x64.ActiveCfg = Release|Any CPU
		{FE92B9F1-ADF6-43E2-A742-F839715D486A}.Release|x64.Build.0 = Release|Any CPU
		{FE92B9F1-ADF6-43E2-A742-F839715D486A}.Release|x86.ActiveCfg = Release|Any CPU
		{FE92B9F1-ADF6-43E2-A742-F839715D486A}.Release|x86.Build.0 = Release|Any CPU
		{0313BE40-21B2-4B61-AC54-EA0E5E915D6B}.Debug|Any CPU.ActiveCfg = Debug|Any CPU
		{0313BE40-21B2-4B61-AC54-EA0E5E915D6B}.Debug|Any CPU.Build.0 = Debug|Any CPU
		{0313BE40-21B2-4B61-AC54-EA0E5E915D6B}.Debug|x64.ActiveCfg = Debug|Any CPU
		{0313BE40-21B2-4B61-AC54-EA0E5E915D6B}.Debug|x64.Build.0 = Debug|Any CPU
		{0313BE40-21B2-4B61-AC54-EA0E5E915D6B}.Debug|x86.ActiveCfg = Debug|Any CPU
		{0313BE40-21B2-4B61-AC54-EA0E5E915D6B}.Debug|x86.Build.0 = Debug|Any CPU
		{0313BE40-21B2-4B61-AC54-EA0E5E915D6B}.Release|Any CPU.ActiveCfg = Release|Any CPU
		{0313BE40-21B2-4B61-AC54-EA0E5E915D6B}.Release|Any CPU.Build.0 = Release|Any CPU
		{0313BE40-21B2-4B61-AC54-EA0E5E915D6B}.Release|x64.ActiveCfg = Release|Any CPU
		{0313BE40-21B2-4B61-AC54-EA0E5E915D6B}.Release|x64.Build.0 = Release|Any CPU
		{0313BE40-21B2-4B61-AC54-EA0E5E915D6B}.Release|x86.ActiveCfg = Release|Any CPU
		{0313BE40-21B2-4B61-AC54-EA0E5E915D6B}.Release|x86.Build.0 = Release|Any CPU
		{9ECF9958-B294-47DD-9109-92377F791E94}.Debug|Any CPU.ActiveCfg = Debug|Any CPU
		{9ECF9958-B294-47DD-9109-92377F791E94}.Debug|Any CPU.Build.0 = Debug|Any CPU
		{9ECF9958-B294-47DD-9109-92377F791E94}.Debug|x64.ActiveCfg = Debug|Any CPU
		{9ECF9958-B294-47DD-9109-92377F791E94}.Debug|x64.Build.0 = Debug|Any CPU
		{9ECF9958-B294-47DD-9109-92377F791E94}.Debug|x86.ActiveCfg = Debug|Any CPU
		{9ECF9958-B294-47DD-9109-92377F791E94}.Debug|x86.Build.0 = Debug|Any CPU
		{9ECF9958-B294-47DD-9109-92377F791E94}.Release|Any CPU.ActiveCfg = Release|Any CPU
		{9ECF9958-B294-47DD-9109-92377F791E94}.Release|Any CPU.Build.0 = Release|Any CPU
		{9ECF9958-B294-47DD-9109-92377F791E94}.Release|x64.ActiveCfg = Release|Any CPU
		{9ECF9958-B294-47DD-9109-92377F791E94}.Release|x64.Build.0 = Release|Any CPU
		{9ECF9958-B294-47DD-9109-92377F791E94}.Release|x86.ActiveCfg = Release|Any CPU
		{9ECF9958-B294-47DD-9109-92377F791E94}.Release|x86.Build.0 = Release|Any CPU
		{26C55445-88C5-4E2C-92D0-C3B5FC24A592}.Debug|Any CPU.ActiveCfg = Debug|Any CPU
		{26C55445-88C5-4E2C-92D0-C3B5FC24A592}.Debug|Any CPU.Build.0 = Debug|Any CPU
		{26C55445-88C5-4E2C-92D0-C3B5FC24A592}.Debug|x64.ActiveCfg = Debug|Any CPU
		{26C55445-88C5-4E2C-92D0-C3B5FC24A592}.Debug|x64.Build.0 = Debug|Any CPU
		{26C55445-88C5-4E2C-92D0-C3B5FC24A592}.Debug|x86.ActiveCfg = Debug|Any CPU
		{26C55445-88C5-4E2C-92D0-C3B5FC24A592}.Debug|x86.Build.0 = Debug|Any CPU
		{26C55445-88C5-4E2C-92D0-C3B5FC24A592}.Release|Any CPU.ActiveCfg = Release|Any CPU
		{26C55445-88C5-4E2C-92D0-C3B5FC24A592}.Release|Any CPU.Build.0 = Release|Any CPU
		{26C55445-88C5-4E2C-92D0-C3B5FC24A592}.Release|x64.ActiveCfg = Release|Any CPU
		{26C55445-88C5-4E2C-92D0-C3B5FC24A592}.Release|x64.Build.0 = Release|Any CPU
		{26C55445-88C5-4E2C-92D0-C3B5FC24A592}.Release|x86.ActiveCfg = Release|Any CPU
		{26C55445-88C5-4E2C-92D0-C3B5FC24A592}.Release|x86.Build.0 = Release|Any CPU
		{EA5B58FF-9F2E-4F25-B596-52E86F8C4020}.Debug|Any CPU.ActiveCfg = Debug|Any CPU
		{EA5B58FF-9F2E-4F25-B596-52E86F8C4020}.Debug|Any CPU.Build.0 = Debug|Any CPU
		{EA5B58FF-9F2E-4F25-B596-52E86F8C4020}.Debug|x64.ActiveCfg = Debug|Any CPU
		{EA5B58FF-9F2E-4F25-B596-52E86F8C4020}.Debug|x64.Build.0 = Debug|Any CPU
		{EA5B58FF-9F2E-4F25-B596-52E86F8C4020}.Debug|x86.ActiveCfg = Debug|Any CPU
		{EA5B58FF-9F2E-4F25-B596-52E86F8C4020}.Debug|x86.Build.0 = Debug|Any CPU
		{EA5B58FF-9F2E-4F25-B596-52E86F8C4020}.Release|Any CPU.ActiveCfg = Release|Any CPU
		{EA5B58FF-9F2E-4F25-B596-52E86F8C4020}.Release|Any CPU.Build.0 = Release|Any CPU
		{EA5B58FF-9F2E-4F25-B596-52E86F8C4020}.Release|x64.ActiveCfg = Release|Any CPU
		{EA5B58FF-9F2E-4F25-B596-52E86F8C4020}.Release|x64.Build.0 = Release|Any CPU
		{EA5B58FF-9F2E-4F25-B596-52E86F8C4020}.Release|x86.ActiveCfg = Release|Any CPU
		{EA5B58FF-9F2E-4F25-B596-52E86F8C4020}.Release|x86.Build.0 = Release|Any CPU
		{6546DB25-8927-47CC-8EA7-6BC1530DC02D}.Debug|Any CPU.ActiveCfg = Debug|Any CPU
		{6546DB25-8927-47CC-8EA7-6BC1530DC02D}.Debug|Any CPU.Build.0 = Debug|Any CPU
		{6546DB25-8927-47CC-8EA7-6BC1530DC02D}.Debug|x64.ActiveCfg = Debug|Any CPU
		{6546DB25-8927-47CC-8EA7-6BC1530DC02D}.Debug|x64.Build.0 = Debug|Any CPU
		{6546DB25-8927-47CC-8EA7-6BC1530DC02D}.Debug|x86.ActiveCfg = Debug|Any CPU
		{6546DB25-8927-47CC-8EA7-6BC1530DC02D}.Debug|x86.Build.0 = Debug|Any CPU
		{6546DB25-8927-47CC-8EA7-6BC1530DC02D}.Release|Any CPU.ActiveCfg = Release|Any CPU
		{6546DB25-8927-47CC-8EA7-6BC1530DC02D}.Release|Any CPU.Build.0 = Release|Any CPU
		{6546DB25-8927-47CC-8EA7-6BC1530DC02D}.Release|x64.ActiveCfg = Release|Any CPU
		{6546DB25-8927-47CC-8EA7-6BC1530DC02D}.Release|x64.Build.0 = Release|Any CPU
		{6546DB25-8927-47CC-8EA7-6BC1530DC02D}.Release|x86.ActiveCfg = Release|Any CPU
		{6546DB25-8927-47CC-8EA7-6BC1530DC02D}.Release|x86.Build.0 = Release|Any CPU
	EndGlobalSection
	GlobalSection(SolutionProperties) = preSolution
		HideSolutionNode = FALSE
	EndGlobalSection
	GlobalSection(NestedProjects) = preSolution
		{D561618C-29E3-4CA7-9633-82D23586D7C7} = {827E0CD3-B72D-47B6-A68D-7590B98EB39B}
		{DB5BBE6A-26A8-4464-9584-F02DFA2F9A1A} = {827E0CD3-B72D-47B6-A68D-7590B98EB39B}
		{FE92B9F1-ADF6-43E2-A742-F839715D486A} = {827E0CD3-B72D-47B6-A68D-7590B98EB39B}
		{0313BE40-21B2-4B61-AC54-EA0E5E915D6B} = {827E0CD3-B72D-47B6-A68D-7590B98EB39B}
		{9ECF9958-B294-47DD-9109-92377F791E94} = {0AB3BF05-4346-4AA6-1389-037BE0695223}
		{26C55445-88C5-4E2C-92D0-C3B5FC24A592} = {0AB3BF05-4346-4AA6-1389-037BE0695223}
		{EA5B58FF-9F2E-4F25-B596-52E86F8C4020} = {0AB3BF05-4346-4AA6-1389-037BE0695223}
		{6546DB25-8927-47CC-8EA7-6BC1530DC02D} = {0AB3BF05-4346-4AA6-1389-037BE0695223}
	EndGlobalSection
EndGlobal
